
Microsoft Visual Studio Solution File, Format Version 12.00
# Visual Studio Version 17
VisualStudioVersion = 17.14.36414.22
MinimumVisualStudioVersion = 10.0.40219.1
Project("{2150E333-8FDC-42A3-9474-1A3956D46DE8}") = "Task0", "Task0", "{02EA681E-C7D8-13C7-8484-4AC65E1B71E8}"
EndProject
Project("{FAE04EC0-301F-11D3-BF4B-00C04F79EFBC}") = "Tyuiu.Kazhahmetov.Sprint0.Task0.V0", "Tyuiu.Kazhahmetov.Sprint0.Task0.V0\Tyuiu.Kazhahmetov.Sprint0.Task0.V0.csproj", "{FB58B8F1-3C7A-4C5E-BF76-2822249A6CDA}"
EndProject
Project("{2150E333-8FDC-42A3-9474-1A3956D46DE8}") = "Task1", "Task1", "{804D2B32-3AAB-40E1-BF43-5C706C2E674D}"
EndProject
Project("{FAE04EC0-301F-11D3-BF4B-00C04F79EFBC}") = "Tyuiu.Kazhahmetov.Sprint0.Task1.V0", "Tyuiu.Kazhahmetov.Sprint0.Task1.V0\Tyuiu.Kazhahmetov.Sprint0.Task1.V0.csproj", "{D7172905-4006-4F1B-9112-E1FFED6353E2}"
EndProject
Project("{2150E333-8FDC-42A3-9474-1A3956D46DE8}") = "Task2", "Task2", "{921D8599-28CC-483B-AA10-8E791B20DA16}"
EndProject
Project("{FAE04EC0-301F-11D3-BF4B-00C04F79EFBC}") = "Tyuiu.Kazhahmetov.Sprint0.Task2.V0", "Tyuiu.Kazhahmetov.Sprint0.Task2.V0\Tyuiu.Kazhahmetov.Sprint0.Task2.V0.csproj", "{36268648-5BFC-493B-B9AA-F4BEC8686CEB}"
EndProject
Project("{FAE04EC0-301F-11D3-BF4B-00C04F79EFBC}") = "Tyuiu.Kazhahmetov.Sprint0.Task2.V0.Lib", "Tyuiu.Kazhahmetov.Sprint0.Task2.V0.Lib\Tyuiu.Kazhahmetov.Sprint0.Task2.V0.Lib.csproj", "{5CDCE48F-7D5D-4CFB-B012-C4A77520D2A8}"
EndProject
Project("{FAE04EC0-301F-11D3-BF4B-00C04F79EFBC}") = "Tyuiu.Kazhahmetov.Sprint0.Task2.V0.Test", "Tyuiu.Kazhahmetov.Sprint0.Task2.V0.Test\Tyuiu.Kazhahmetov.Sprint0.Task2.V0.Test\Tyuiu.Kazhahmetov.Sprint0.Task2.V0.Test.csproj", "{AA72030D-8856-4B5B-8908-439237C279C7}"
EndProject
Project("{2150E333-8FDC-42A3-9474-1A3956D46DE8}") = "Task3", "Task3", "{A49C603F-6180-493B-9B2D-BAD5A1E5BF62}"
EndProject
Project("{FAE04EC0-301F-11D3-BF4B-00C04F79EFBC}") = "Tyuiu.Kazhahmetov.Sprint0.Task3.V0", "Tyuiu.Kazhahmetov.Sprint0.Task3.V0\Tyuiu.Kazhahmetov.Sprint0.Task3.V0.csproj", "{690B9AE0-5D07-440C-8DCB-E6698371EB95}"
EndProject
Project("{FAE04EC0-301F-11D3-BF4B-00C04F79EFBC}") = "Tyuiu.Kazhahmetov.Sprint0.Task3.V0.Test", "Tyuiu.Kazhahmetov.Sprint0.Task3.V0.Test\Tyuiu.Kazhahmetov.Sprint0.Task3.V0.Test.csproj", "{EA5138D3-7534-4E23-B848-2A0E944C90B4}"
EndProject
Project("{FAE04EC0-301F-11D3-BF4B-00C04F79EFBC}") = "Tyuiu.Kazhahmetov.Sprint0.Task3.V0.Lib", "Tyuiu.Kazhahmetov.Sprint0.Task3.V0.Lib\Tyuiu.Kazhahmetov.Sprint0.Task3.V0.Lib.csproj", "{E9175361-9A8C-444B-8C76-60DE11389DC9}"
EndProject
Global
	GlobalSection(SolutionConfigurationPlatforms) = preSolution
		Debug|Any CPU = Debug|Any CPU
		Release|Any CPU = Release|Any CPU
	EndGlobalSection
	GlobalSection(ProjectConfigurationPlatforms) = postSolution
		{FB58B8F1-3C7A-4C5E-BF76-2822249A6CDA}.Debug|Any CPU.ActiveCfg = Debug|Any CPU
		{FB58B8F1-3C7A-4C5E-BF76-2822249A6CDA}.Debug|Any CPU.Build.0 = Debug|Any CPU
		{FB58B8F1-3C7A-4C5E-BF76-2822249A6CDA}.Release|Any CPU.ActiveCfg = Release|Any CPU
		{FB58B8F1-3C7A-4C5E-BF76-2822249A6CDA}.Release|Any CPU.Build.0 = Release|Any CPU
		{D7172905-4006-4F1B-9112-E1FFED6353E2}.Debug|Any CPU.ActiveCfg = Debug|Any CPU
		{D7172905-4006-4F1B-9112-E1FFED6353E2}.Debug|Any CPU.Build.0 = Debug|Any CPU
		{D7172905-4006-4F1B-9112-E1FFED6353E2}.Release|Any CPU.ActiveCfg = Release|Any CPU
		{D7172905-4006-4F1B-9112-E1FFED6353E2}.Release|Any CPU.Build.0 = Release|Any CPU
		{36268648-5BFC-493B-B9AA-F4BEC8686CEB}.Debug|Any CPU.ActiveCfg = Debug|Any CPU
		{36268648-5BFC-493B-B9AA-F4BEC8686CEB}.Debug|Any CPU.Build.0 = Debug|Any CPU
		{36268648-5BFC-493B-B9AA-F4BEC8686CEB}.Release|Any CPU.ActiveCfg = Release|Any CPU
		{36268648-5BFC-493B-B9AA-F4BEC8686CEB}.Release|Any CPU.Build.0 = Release|Any CPU
		{5CDCE48F-7D5D-4CFB-B012-C4A77520D2A8}.Debug|Any CPU.ActiveCfg = Debug|Any CPU
		{5CDCE48F-7D5D-4CFB-B012-C4A77520D2A8}.Debug|Any CPU.Build.0 = Debug|Any CPU
		{5CDCE48F-7D5D-4CFB-B012-C4A77520D2A8}.Release|Any CPU.ActiveCfg = Release|Any CPU
		{5CDCE48F-7D5D-4CFB-B012-C4A77520D2A8}.Release|Any CPU.Build.0 = Release|Any CPU
		{AA72030D-8856-4B5B-8908-439237C279C7}.Debug|Any CPU.ActiveCfg = Debug|Any CPU
		{AA72030D-8856-4B5B-8908-439237C279C7}.Debug|Any CPU.Build.0 = Debug|Any CPU
		{AA72030D-8856-4B5B-8908-439237C279C7}.Release|Any CPU.ActiveCfg = Release|Any CPU
		{AA72030D-8856-4B5B-8908-439237C279C7}.Release|Any CPU.Build.0 = Release|Any CPU
		{690B9AE0-5D07-440C-8DCB-E6698371EB95}.Debug|Any CPU.ActiveCfg = Debug|Any CPU
		{690B9AE0-5D07-440C-8DCB-E6698371EB95}.Debug|Any CPU.Build.0 = Debug|Any CPU
		{690B9AE0-5D07-440C-8DCB-E6698371EB95}.Release|Any CPU.ActiveCfg = Release|Any CPU
		{690B9AE0-5D07-440C-8DCB-E6698371EB95}.Release|Any CPU.Build.0 = Release|Any CPU
		{EA5138D3-7534-4E23-B848-2A0E944C90B4}.Debug|Any CPU.ActiveCfg = Debug|Any CPU
		{EA5138D3-7534-4E23-B848-2A0E944C90B4}.Debug|Any CPU.Build.0 = Debug|Any CPU
		{EA5138D3-7534-4E23-B848-2A0E944C90B4}.Release|Any CPU.ActiveCfg = Release|Any CPU
		{EA5138D3-7534-4E23-B848-2A0E944C90B4}.Release|Any CPU.Build.0 = Release|Any CPU
		{E9175361-9A8C-444B-8C76-60DE11389DC9}.Debug|Any CPU.ActiveCfg = Debug|Any CPU
		{E9175361-9A8C-444B-8C76-60DE11389DC9}.Debug|Any CPU.Build.0 = Debug|Any CPU
		{E9175361-9A8C-444B-8C76-60DE11389DC9}.Release|Any CPU.ActiveCfg = Release|Any CPU
		{E9175361-9A8C-444B-8C76-60DE11389DC9}.Release|Any CPU.Build.0 = Release|Any CPU
	EndGlobalSection
	GlobalSection(SolutionProperties) = preSolution
		HideSolutionNode = FALSE
	EndGlobalSection
	GlobalSection(NestedProjects) = preSolution
		{FB58B8F1-3C7A-4C5E-BF76-2822249A6CDA} = {02EA681E-C7D8-13C7-8484-4AC65E1B71E8}
		{D7172905-4006-4F1B-9112-E1FFED6353E2} = {804D2B32-3AAB-40E1-BF43-5C706C2E674D}
		{36268648-5BFC-493B-B9AA-F4BEC8686CEB} = {921D8599-28CC-483B-AA10-8E791B20DA16}
		{5CDCE48F-7D5D-4CFB-B012-C4A77520D2A8} = {921D8599-28CC-483B-AA10-8E791B20DA16}
		{AA72030D-8856-4B5B-8908-439237C279C7} = {921D8599-28CC-483B-AA10-8E791B20DA16}
		{690B9AE0-5D07-440C-8DCB-E6698371EB95} = {A49C603F-6180-493B-9B2D-BAD5A1E5BF62}
		{EA5138D3-7534-4E23-B848-2A0E944C90B4} = {A49C603F-6180-493B-9B2D-BAD5A1E5BF62}
		{E9175361-9A8C-444B-8C76-60DE11389DC9} = {A49C603F-6180-493B-9B2D-BAD5A1E5BF62}
	EndGlobalSection
	GlobalSection(ExtensibilityGlobals) = postSolution
		SolutionGuid = {F91C4C48-1D32-4C3D-B3F5-7817CA9468CC}
	EndGlobalSection
EndGlobal
